
Microsoft Visual Studio Solution File, Format Version 12.00
# Visual Studio Version 16
VisualStudioVersion = 16.0.28917.181
MinimumVisualStudioVersion = 10.0.40219.1
Project("{9A19103F-16F7-4668-BE54-9A1E7A4F7556}") = "QrnCms.Web", "QrnCms.Web\QrnCms.Web.csproj", "{F3CC94E3-FD6F-4ABF-A2B1-E861F5A16660}"
EndProject
Project("{2150E333-8FDC-42A3-9474-1A3956D46DE8}") = "Plugins", "Plugins", "{14C52EC3-BFC4-4317-8F1F-74E725760187}"
EndProject
Project("{2150E333-8FDC-42A3-9474-1A3956D46DE8}") = "Themes", "Themes", "{F6AF6B68-0BCE-4BF1-92DC-A2D8B9607BFB}"
EndProject
Project("{2150E333-8FDC-42A3-9474-1A3956D46DE8}") = "UnitTests", "UnitTests", "{944936FD-AB87-4BC3-8A2A-A7CAD57C54F4}"
EndProject
Project("{2150E333-8FDC-42A3-9474-1A3956D46DE8}") = "QrnCms", "QrnCms", "{5B23A496-990B-4217-B48F-795712264FFA}"
EndProject
Project("{9A19103F-16F7-4668-BE54-9A1E7A4F7556}") = "QrnCms.Lib", "QrnCms.Lib\QrnCms.Lib.csproj", "{FC87CE90-826A-4EEF-A9F4-111C670D020E}"
EndProject
Project("{9A19103F-16F7-4668-BE54-9A1E7A4F7556}") = "QrnCms.Admin", "QrnCms.Web\QrnCms\QrnCms.Admin\QrnCms.Admin.csproj", "{D0F1B5FE-CEA2-4567-92D3-F87A7FE2E2E1}"
EndProject
Project("{9A19103F-16F7-4668-BE54-9A1E7A4F7556}") = "QrnCms.Front", "QrnCms.Web\QrnCms\QrnCms.Front\QrnCms.Front.csproj", "{FE20AC87-8042-4E9E-927E-4E68845592E1}"
EndProject
Project("{9A19103F-16F7-4668-BE54-9A1E7A4F7556}") = "QrnCms.DefaultTheme", "QrnCms.Web\Themes\QrnCms.DefaultTheme\QrnCms.DefaultTheme.csproj", "{59E89874-A40D-4937-8BB5-0610925FE794}"
EndProject
Project("{9A19103F-16F7-4668-BE54-9A1E7A4F7556}") = "QrnCms.Hello", "QrnCms.Web\Plugins\QrnCms.Hello\QrnCms.Hello.csproj", "{9DF71FF9-D08B-4C0D-818C-5969664A3F34}"
EndProject
Project("{9A19103F-16F7-4668-BE54-9A1E7A4F7556}") = "QrnCms.Lib.Impl", "QrnCms.Lib.Impl\QrnCms.Lib.Impl.csproj", "{27E13479-6DE3-4FE2-BF58-485A07049A92}"
EndProject
Project("{2150E333-8FDC-42A3-9474-1A3956D46DE8}") = "QrnCms", "QrnCms", "{21505864-7CA3-4452-8ADB-414A8D18E1D5}"
EndProject
Project("{9A19103F-16F7-4668-BE54-9A1E7A4F7556}") = "QrnCms.Lib.Test", "UnitTests\QrnCms\QrnCms.Lib.Test\QrnCms.Lib.Test.csproj", "{981773B1-F91B-4607-8B73-ECC2768CBB3E}"
EndProject
Project("{FAE04EC0-301F-11D3-BF4B-00C04F79EFBC}") = "QrnCms.Admin.Test", "UnitTests\QrnCms\QrnCms.Admin.Test\QrnCms.Admin.Test.csproj", "{47C72A09-8DB7-4E03-93F8-81A111A1CED4}"
EndProject
Project("{FAE04EC0-301F-11D3-BF4B-00C04F79EFBC}") = "QrnCms.Front.Test", "UnitTests\QrnCms\QrnCms.Front.Test\QrnCms.Front.Test.csproj", "{502F616B-E3CC-462E-8E4C-7A5574BDA9FB}"
EndProject
Project("{2150E333-8FDC-42A3-9474-1A3956D46DE8}") = "Plugins", "Plugins", "{D1B603B5-2519-4A36-8F7B-601F78885C94}"
EndProject
Project("{FAE04EC0-301F-11D3-BF4B-00C04F79EFBC}") = "QrnCms.Hello.Test", "UnitTests\Plugins\QrnCms.Hello.Test\QrnCms.Hello.Test.csproj", "{3725556C-5F05-41EC-B9CC-EC607BEBCE8E}"
EndProject
Global
	GlobalSection(SolutionConfigurationPlatforms) = preSolution
		Debug|Any CPU = Debug|Any CPU
		Release|Any CPU = Release|Any CPU
	EndGlobalSection
	GlobalSection(ProjectConfigurationPlatforms) = postSolution
		{F3CC94E3-FD6F-4ABF-A2B1-E861F5A16660}.Debug|Any CPU.ActiveCfg = Debug|Any CPU
		{F3CC94E3-FD6F-4ABF-A2B1-E861F5A16660}.Debug|Any CPU.Build.0 = Debug|Any CPU
		{F3CC94E3-FD6F-4ABF-A2B1-E861F5A16660}.Release|Any CPU.ActiveCfg = Release|Any CPU
		{F3CC94E3-FD6F-4ABF-A2B1-E861F5A16660}.Release|Any CPU.Build.0 = Release|Any CPU
		{FC87CE90-826A-4EEF-A9F4-111C670D020E}.Debug|Any CPU.ActiveCfg = Debug|Any CPU
		{FC87CE90-826A-4EEF-A9F4-111C670D020E}.Debug|Any CPU.Build.0 = Debug|Any CPU
		{FC87CE90-826A-4EEF-A9F4-111C670D020E}.Release|Any CPU.ActiveCfg = Release|Any CPU
		{FC87CE90-826A-4EEF-A9F4-111C670D020E}.Release|Any CPU.Build.0 = Release|Any CPU
		{D0F1B5FE-CEA2-4567-92D3-F87A7FE2E2E1}.Debug|Any CPU.ActiveCfg = Debug|Any CPU
		{D0F1B5FE-CEA2-4567-92D3-F87A7FE2E2E1}.Debug|Any CPU.Build.0 = Debug|Any CPU
		{D0F1B5FE-CEA2-4567-92D3-F87A7FE2E2E1}.Release|Any CPU.ActiveCfg = Release|Any CPU
		{D0F1B5FE-CEA2-4567-92D3-F87A7FE2E2E1}.Release|Any CPU.Build.0 = Release|Any CPU
		{FE20AC87-8042-4E9E-927E-4E68845592E1}.Debug|Any CPU.ActiveCfg = Debug|Any CPU
		{FE20AC87-8042-4E9E-927E-4E68845592E1}.Debug|Any CPU.Build.0 = Debug|Any CPU
		{FE20AC87-8042-4E9E-927E-4E68845592E1}.Release|Any CPU.ActiveCfg = Release|Any CPU
		{FE20AC87-8042-4E9E-927E-4E68845592E1}.Release|Any CPU.Build.0 = Release|Any CPU
		{59E89874-A40D-4937-8BB5-0610925FE794}.Debug|Any CPU.ActiveCfg = Debug|Any CPU
		{59E89874-A40D-4937-8BB5-0610925FE794}.Debug|Any CPU.Build.0 = Debug|Any CPU
		{59E89874-A40D-4937-8BB5-0610925FE794}.Release|Any CPU.ActiveCfg = Release|Any CPU
		{59E89874-A40D-4937-8BB5-0610925FE794}.Release|Any CPU.Build.0 = Release|Any CPU
		{9DF71FF9-D08B-4C0D-818C-5969664A3F34}.Debug|Any CPU.ActiveCfg = Debug|Any CPU
		{9DF71FF9-D08B-4C0D-818C-5969664A3F34}.Debug|Any CPU.Build.0 = Debug|Any CPU
		{9DF71FF9-D08B-4C0D-818C-5969664A3F34}.Release|Any CPU.ActiveCfg = Release|Any CPU
		{9DF71FF9-D08B-4C0D-818C-5969664A3F34}.Release|Any CPU.Build.0 = Release|Any CPU
		{27E13479-6DE3-4FE2-BF58-485A07049A92}.Debug|Any CPU.ActiveCfg = Debug|Any CPU
		{27E13479-6DE3-4FE2-BF58-485A07049A92}.Debug|Any CPU.Build.0 = Debug|Any CPU
		{27E13479-6DE3-4FE2-BF58-485A07049A92}.Release|Any CPU.ActiveCfg = Release|Any CPU
		{27E13479-6DE3-4FE2-BF58-485A07049A92}.Release|Any CPU.Build.0 = Release|Any CPU
		{981773B1-F91B-4607-8B73-ECC2768CBB3E}.Debug|Any CPU.ActiveCfg = Debug|Any CPU
		{981773B1-F91B-4607-8B73-ECC2768CBB3E}.Debug|Any CPU.Build.0 = Debug|Any CPU
		{981773B1-F91B-4607-8B73-ECC2768CBB3E}.Release|Any CPU.ActiveCfg = Release|Any CPU
		{981773B1-F91B-4607-8B73-ECC2768CBB3E}.Release|Any CPU.Build.0 = Release|Any CPU
		{47C72A09-8DB7-4E03-93F8-81A111A1CED4}.Debug|Any CPU.ActiveCfg = Debug|Any CPU
		{47C72A09-8DB7-4E03-93F8-81A111A1CED4}.Debug|Any CPU.Build.0 = Debug|Any CPU
		{47C72A09-8DB7-4E03-93F8-81A111A1CED4}.Release|Any CPU.ActiveCfg = Release|Any CPU
		{47C72A09-8DB7-4E03-93F8-81A111A1CED4}.Release|Any CPU.Build.0 = Release|Any CPU
		{502F616B-E3CC-462E-8E4C-7A5574BDA9FB}.Debug|Any CPU.ActiveCfg = Debug|Any CPU
		{502F616B-E3CC-462E-8E4C-7A5574BDA9FB}.Debug|Any CPU.Build.0 = Debug|Any CPU
		{502F616B-E3CC-462E-8E4C-7A5574BDA9FB}.Release|Any CPU.ActiveCfg = Release|Any CPU
		{502F616B-E3CC-462E-8E4C-7A5574BDA9FB}.Release|Any CPU.Build.0 = Release|Any CPU
		{3725556C-5F05-41EC-B9CC-EC607BEBCE8E}.Debug|Any CPU.ActiveCfg = Debug|Any CPU
		{3725556C-5F05-41EC-B9CC-EC607BEBCE8E}.Debug|Any CPU.Build.0 = Debug|Any CPU
		{3725556C-5F05-41EC-B9CC-EC607BEBCE8E}.Release|Any CPU.ActiveCfg = Release|Any CPU
		{3725556C-5F05-41EC-B9CC-EC607BEBCE8E}.Release|Any CPU.Build.0 = Release|Any CPU
	EndGlobalSection
	GlobalSection(SolutionProperties) = preSolution
		HideSolutionNode = FALSE
	EndGlobalSection
	GlobalSection(NestedProjects) = preSolution
		{D0F1B5FE-CEA2-4567-92D3-F87A7FE2E2E1} = {5B23A496-990B-4217-B48F-795712264FFA}
		{FE20AC87-8042-4E9E-927E-4E68845592E1} = {5B23A496-990B-4217-B48F-795712264FFA}
		{59E89874-A40D-4937-8BB5-0610925FE794} = {F6AF6B68-0BCE-4BF1-92DC-A2D8B9607BFB}
		{9DF71FF9-D08B-4C0D-818C-5969664A3F34} = {14C52EC3-BFC4-4317-8F1F-74E725760187}
		{21505864-7CA3-4452-8ADB-414A8D18E1D5} = {944936FD-AB87-4BC3-8A2A-A7CAD57C54F4}
		{981773B1-F91B-4607-8B73-ECC2768CBB3E} = {21505864-7CA3-4452-8ADB-414A8D18E1D5}
		{47C72A09-8DB7-4E03-93F8-81A111A1CED4} = {21505864-7CA3-4452-8ADB-414A8D18E1D5}
		{502F616B-E3CC-462E-8E4C-7A5574BDA9FB} = {21505864-7CA3-4452-8ADB-414A8D18E1D5}
		{D1B603B5-2519-4A36-8F7B-601F78885C94} = {944936FD-AB87-4BC3-8A2A-A7CAD57C54F4}
		{3725556C-5F05-41EC-B9CC-EC607BEBCE8E} = {D1B603B5-2519-4A36-8F7B-601F78885C94}
	EndGlobalSection
	GlobalSection(ExtensibilityGlobals) = postSolution
		SolutionGuid = {C97A7A57-FD09-400A-803F-25C494C13103}
	EndGlobalSection
EndGlobal
