
Microsoft Visual Studio Solution File, Format Version 12.00
# Visual Studio Version 16
VisualStudioVersion = 16.0.28917.181
MinimumVisualStudioVersion = 10.0.40219.1
Project("{9A19103F-16F7-4668-BE54-9A1E7A4F7556}") = "QrnCms.Web", "QrnCms.Web\QrnCms.Web.csproj", "{F3CC94E3-FD6F-4ABF-A2B1-E861F5A16660}"
EndProject
Project("{9A19103F-16F7-4668-BE54-9A1E7A4F7556}") = "QrnCms.Lib", "QrnCms.Lib\QrnCms.Lib.csproj", "{94052669-DF53-438A-AC84-00A043FAAEA7}"
EndProject
Project("{2150E333-8FDC-42A3-9474-1A3956D46DE8}") = "Modules", "Modules", "{14C52EC3-BFC4-4317-8F1F-74E725760187}"
EndProject
Project("{2150E333-8FDC-42A3-9474-1A3956D46DE8}") = "Themes", "Themes", "{F6AF6B68-0BCE-4BF1-92DC-A2D8B9607BFB}"
EndProject
Project("{9A19103F-16F7-4668-BE54-9A1E7A4F7556}") = "QrnCms.Hello", "Extensions\Modules\QrnCms.Hello\QrnCms.Hello.csproj", "{3A7D65A3-2C16-44D9-96E8-A2BFF129EEF1}"
EndProject
Project("{9A19103F-16F7-4668-BE54-9A1E7A4F7556}") = "QrnCms.DefaultTheme", "Extensions\Themes\QrnCms.DefaultTheme\QrnCms.DefaultTheme.csproj", "{59E17347-AAE0-4997-901C-B8F49A2592CD}"
EndProject
Project("{2150E333-8FDC-42A3-9474-1A3956D46DE8}") = "Core", "Core", "{62F495BE-28B7-4F98-AEE6-5B654CAD70A5}"
EndProject
Project("{9A19103F-16F7-4668-BE54-9A1E7A4F7556}") = "QrnCms.Admin", "Extensions\Modules\Core\QrnCms.Admin\QrnCms.Admin.csproj", "{907B7BDC-8DBD-4FD9-A607-9A7B7D68809D}"
EndProject
Project("{9A19103F-16F7-4668-BE54-9A1E7A4F7556}") = "QrnCms.Cms", "Extensions\Modules\Core\QrnCms.Cms\QrnCms.Cms.csproj", "{D40658F1-9558-40CC-B353-03D634FBA7C9}"
EndProject
Global
	GlobalSection(SolutionConfigurationPlatforms) = preSolution
		Debug|Any CPU = Debug|Any CPU
		Release|Any CPU = Release|Any CPU
	EndGlobalSection
	GlobalSection(ProjectConfigurationPlatforms) = postSolution
		{F3CC94E3-FD6F-4ABF-A2B1-E861F5A16660}.Debug|Any CPU.ActiveCfg = Debug|Any CPU
		{F3CC94E3-FD6F-4ABF-A2B1-E861F5A16660}.Debug|Any CPU.Build.0 = Debug|Any CPU
		{F3CC94E3-FD6F-4ABF-A2B1-E861F5A16660}.Release|Any CPU.ActiveCfg = Release|Any CPU
		{F3CC94E3-FD6F-4ABF-A2B1-E861F5A16660}.Release|Any CPU.Build.0 = Release|Any CPU
		{94052669-DF53-438A-AC84-00A043FAAEA7}.Debug|Any CPU.ActiveCfg = Debug|Any CPU
		{94052669-DF53-438A-AC84-00A043FAAEA7}.Debug|Any CPU.Build.0 = Debug|Any CPU
		{94052669-DF53-438A-AC84-00A043FAAEA7}.Release|Any CPU.ActiveCfg = Release|Any CPU
		{94052669-DF53-438A-AC84-00A043FAAEA7}.Release|Any CPU.Build.0 = Release|Any CPU
		{3A7D65A3-2C16-44D9-96E8-A2BFF129EEF1}.Debug|Any CPU.ActiveCfg = Debug|Any CPU
		{3A7D65A3-2C16-44D9-96E8-A2BFF129EEF1}.Debug|Any CPU.Build.0 = Debug|Any CPU
		{3A7D65A3-2C16-44D9-96E8-A2BFF129EEF1}.Release|Any CPU.ActiveCfg = Release|Any CPU
		{3A7D65A3-2C16-44D9-96E8-A2BFF129EEF1}.Release|Any CPU.Build.0 = Release|Any CPU
		{59E17347-AAE0-4997-901C-B8F49A2592CD}.Debug|Any CPU.ActiveCfg = Debug|Any CPU
		{59E17347-AAE0-4997-901C-B8F49A2592CD}.Debug|Any CPU.Build.0 = Debug|Any CPU
		{59E17347-AAE0-4997-901C-B8F49A2592CD}.Release|Any CPU.ActiveCfg = Release|Any CPU
		{59E17347-AAE0-4997-901C-B8F49A2592CD}.Release|Any CPU.Build.0 = Release|Any CPU
		{907B7BDC-8DBD-4FD9-A607-9A7B7D68809D}.Debug|Any CPU.ActiveCfg = Debug|Any CPU
		{907B7BDC-8DBD-4FD9-A607-9A7B7D68809D}.Debug|Any CPU.Build.0 = Debug|Any CPU
		{907B7BDC-8DBD-4FD9-A607-9A7B7D68809D}.Release|Any CPU.ActiveCfg = Release|Any CPU
		{907B7BDC-8DBD-4FD9-A607-9A7B7D68809D}.Release|Any CPU.Build.0 = Release|Any CPU
		{D40658F1-9558-40CC-B353-03D634FBA7C9}.Debug|Any CPU.ActiveCfg = Debug|Any CPU
		{D40658F1-9558-40CC-B353-03D634FBA7C9}.Debug|Any CPU.Build.0 = Debug|Any CPU
		{D40658F1-9558-40CC-B353-03D634FBA7C9}.Release|Any CPU.ActiveCfg = Release|Any CPU
		{D40658F1-9558-40CC-B353-03D634FBA7C9}.Release|Any CPU.Build.0 = Release|Any CPU
	EndGlobalSection
	GlobalSection(SolutionProperties) = preSolution
		HideSolutionNode = FALSE
	EndGlobalSection
	GlobalSection(NestedProjects) = preSolution
		{3A7D65A3-2C16-44D9-96E8-A2BFF129EEF1} = {14C52EC3-BFC4-4317-8F1F-74E725760187}
		{59E17347-AAE0-4997-901C-B8F49A2592CD} = {F6AF6B68-0BCE-4BF1-92DC-A2D8B9607BFB}
		{62F495BE-28B7-4F98-AEE6-5B654CAD70A5} = {14C52EC3-BFC4-4317-8F1F-74E725760187}
		{907B7BDC-8DBD-4FD9-A607-9A7B7D68809D} = {62F495BE-28B7-4F98-AEE6-5B654CAD70A5}
		{D40658F1-9558-40CC-B353-03D634FBA7C9} = {62F495BE-28B7-4F98-AEE6-5B654CAD70A5}
	EndGlobalSection
	GlobalSection(ExtensibilityGlobals) = postSolution
		SolutionGuid = {C97A7A57-FD09-400A-803F-25C494C13103}
	EndGlobalSection
EndGlobal
